# This file is automatically @generated by Poetry 2.0.0 and should not be changed by hand.

[[package]]
name = "cachetools"
version = "5.5.0"
description = "Extensible memoizing collections and decorators"
optional = false
python-versions = ">=3.7"
groups = ["main"]
files = [
    {file = "cachetools-5.5.0-py3-none-any.whl", hash = "sha256:02134e8439cdc2ffb62023ce1debca2944c3f289d66bb17ead3ab3dede74b292"},
    {file = "cachetools-5.5.0.tar.gz", hash = "sha256:2cc24fb4cbe39633fb7badd9db9ca6295d766d9c2995f245725a46715d050f2a"},
]

[[package]]
name = "deprecation"
version = "2.1.0"
description = "A library to handle automated deprecations"
optional = false
python-versions = "*"
groups = ["main"]
files = [
    {file = "deprecation-2.1.0-py2.py3-none-any.whl", hash = "sha256:a10811591210e1fb0e768a8c25517cabeabcba6f0bf96564f8ff45189f90b14a"},
    {file = "deprecation-2.1.0.tar.gz", hash = "sha256:72b3bde64e5d778694b0cf68178aed03d15e15477116add3fb773e581f9518ff"},
]

[package.dependencies]
packaging = "*"

[[package]]
name = "grpcio"
version = "1.69.0"
description = "HTTP/2-based RPC framework"
optional = false
python-versions = ">=3.8"
groups = ["main"]
files = [
    {file = "grpcio-1.69.0-cp310-cp310-linux_armv7l.whl", hash = "sha256:2060ca95a8db295ae828d0fc1c7f38fb26ccd5edf9aa51a0f44251f5da332e97"},
    {file = "grpcio-1.69.0-cp310-cp310-macosx_12_0_universal2.whl", hash = "sha256:2e52e107261fd8fa8fa457fe44bfadb904ae869d87c1280bf60f93ecd3e79278"},
    {file = "grpcio-1.69.0-cp310-cp310-manylinux_2_17_aarch64.whl", hash = "sha256:316463c0832d5fcdb5e35ff2826d9aa3f26758d29cdfb59a368c1d6c39615a11"},
    {file = "grpcio-1.69.0-cp310-cp310-manylinux_2_17_i686.manylinux2014_i686.whl", hash = "sha256:26c9a9c4ac917efab4704b18eed9082ed3b6ad19595f047e8173b5182fec0d5e"},
    {file = "grpcio-1.69.0-cp310-cp310-manylinux_2_17_x86_64.manylinux2014_x86_64.whl", hash = "sha256:90b3646ced2eae3a0599658eeccc5ba7f303bf51b82514c50715bdd2b109e5ec"},
    {file = "grpcio-1.69.0-cp310-cp310-musllinux_1_1_i686.whl", hash = "sha256:3b75aea7c6cb91b341c85e7c1d9db1e09e1dd630b0717f836be94971e015031e"},
    {file = "grpcio-1.69.0-cp310-cp310-musllinux_1_1_x86_64.whl", hash = "sha256:5cfd14175f9db33d4b74d63de87c64bb0ee29ce475ce3c00c01ad2a3dc2a9e51"},
    {file = "grpcio-1.69.0-cp310-cp310-win32.whl", hash = "sha256:9031069d36cb949205293cf0e243abd5e64d6c93e01b078c37921493a41b72dc"},
    {file = "grpcio-1.69.0-cp310-cp310-win_amd64.whl", hash = "sha256:cc89b6c29f3dccbe12d7a3b3f1b3999db4882ae076c1c1f6df231d55dbd767a5"},
    {file = "grpcio-1.69.0-cp311-cp311-linux_armv7l.whl", hash = "sha256:8de1b192c29b8ce45ee26a700044717bcbbd21c697fa1124d440548964328561"},
    {file = "grpcio-1.69.0-cp311-cp311-macosx_10_14_universal2.whl", hash = "sha256:7e76accf38808f5c5c752b0ab3fd919eb14ff8fafb8db520ad1cc12afff74de6"},
    {file = "grpcio-1.69.0-cp311-cp311-manylinux_2_17_aarch64.whl", hash = "sha256:d5658c3c2660417d82db51e168b277e0ff036d0b0f859fa7576c0ffd2aec1442"},
    {file = "grpcio-1.69.0-cp311-cp311-manylinux_2_17_i686.manylinux2014_i686.whl", hash = "sha256:5494d0e52bf77a2f7eb17c6da662886ca0a731e56c1c85b93505bece8dc6cf4c"},
    {file = "grpcio-1.69.0-cp311-cp311-manylinux_2_17_x86_64.manylinux2014_x86_64.whl", hash = "sha256:4ed866f9edb574fd9be71bf64c954ce1b88fc93b2a4cbf94af221e9426eb14d6"},
    {file = "grpcio-1.69.0-cp311-cp311-musllinux_1_1_i686.whl", hash = "sha256:c5ba38aeac7a2fe353615c6b4213d1fbb3a3c34f86b4aaa8be08baaaee8cc56d"},
    {file = "grpcio-1.69.0-cp311-cp311-musllinux_1_1_x86_64.whl", hash = "sha256:f79e05f5bbf551c4057c227d1b041ace0e78462ac8128e2ad39ec58a382536d2"},
    {file = "grpcio-1.69.0-cp311-cp311-win32.whl", hash = "sha256:bf1f8be0da3fcdb2c1e9f374f3c2d043d606d69f425cd685110dd6d0d2d61258"},
    {file = "grpcio-1.69.0-cp311-cp311-win_amd64.whl", hash = "sha256:fb9302afc3a0e4ba0b225cd651ef8e478bf0070cf11a529175caecd5ea2474e7"},
    {file = "grpcio-1.69.0-cp312-cp312-linux_armv7l.whl", hash = "sha256:fc18a4de8c33491ad6f70022af5c460b39611e39578a4d84de0fe92f12d5d47b"},
    {file = "grpcio-1.69.0-cp312-cp312-macosx_10_14_universal2.whl", hash = "sha256:0f0270bd9ffbff6961fe1da487bdcd594407ad390cc7960e738725d4807b18c4"},
    {file = "grpcio-1.69.0-cp312-cp312-manylinux_2_17_aarch64.whl", hash = "sha256:dc48f99cc05e0698e689b51a05933253c69a8c8559a47f605cff83801b03af0e"},
    {file = "grpcio-1.69.0-cp312-cp312-manylinux_2_17_i686.manylinux2014_i686.whl", hash = "sha256:1e925954b18d41aeb5ae250262116d0970893b38232689c4240024e4333ac084"},
    {file = "grpcio-1.69.0-cp312-cp312-manylinux_2_17_x86_64.manylinux2014_x86_64.whl", hash = "sha256:87d222569273720366f68a99cb62e6194681eb763ee1d3b1005840678d4884f9"},
    {file = "grpcio-1.69.0-cp312-cp312-musllinux_1_1_i686.whl", hash = "sha256:b62b0f41e6e01a3e5082000b612064c87c93a49b05f7602fe1b7aa9fd5171a1d"},
    {file = "grpcio-1.69.0-cp312-cp312-musllinux_1_1_x86_64.whl", hash = "sha256:db6f9fd2578dbe37db4b2994c94a1d9c93552ed77dca80e1657bb8a05b898b55"},
    {file = "grpcio-1.69.0-cp312-cp312-win32.whl", hash = "sha256:b192b81076073ed46f4b4dd612b8897d9a1e39d4eabd822e5da7b38497ed77e1"},
    {file = "grpcio-1.69.0-cp312-cp312-win_amd64.whl", hash = "sha256:1227ff7836f7b3a4ab04e5754f1d001fa52a730685d3dc894ed8bc262cc96c01"},
    {file = "grpcio-1.69.0-cp313-cp313-linux_armv7l.whl", hash = "sha256:a78a06911d4081a24a1761d16215a08e9b6d4d29cdbb7e427e6c7e17b06bcc5d"},
    {file = "grpcio-1.69.0-cp313-cp313-macosx_10_14_universal2.whl", hash = "sha256:dc5a351927d605b2721cbb46158e431dd49ce66ffbacb03e709dc07a491dde35"},
    {file = "grpcio-1.69.0-cp313-cp313-manylinux_2_17_aarch64.whl", hash = "sha256:3629d8a8185f5139869a6a17865d03113a260e311e78fbe313f1a71603617589"},
    {file = "grpcio-1.69.0-cp313-cp313-manylinux_2_17_i686.manylinux2014_i686.whl", hash = "sha256:c9a281878feeb9ae26db0622a19add03922a028d4db684658f16d546601a4870"},
    {file = "grpcio-1.69.0-cp313-cp313-manylinux_2_17_x86_64.manylinux2014_x86_64.whl", hash = "sha256:8cc614e895177ab7e4b70f154d1a7c97e152577ea101d76026d132b7aaba003b"},
    {file = "grpcio-1.69.0-cp313-cp313-musllinux_1_1_i686.whl", hash = "sha256:1ee76cd7e2e49cf9264f6812d8c9ac1b85dda0eaea063af07292400f9191750e"},
    {file = "grpcio-1.69.0-cp313-cp313-musllinux_1_1_x86_64.whl", hash = "sha256:0470fa911c503af59ec8bc4c82b371ee4303ececbbdc055f55ce48e38b20fd67"},
    {file = "grpcio-1.69.0-cp313-cp313-win32.whl", hash = "sha256:b650f34aceac8b2d08a4c8d7dc3e8a593f4d9e26d86751ebf74ebf5107d927de"},
    {file = "grpcio-1.69.0-cp313-cp313-win_amd64.whl", hash = "sha256:028337786f11fecb5d7b7fa660475a06aabf7e5e52b5ac2df47414878c0ce7ea"},
    {file = "grpcio-1.69.0-cp38-cp38-linux_armv7l.whl", hash = "sha256:b7f693db593d6bf285e015d5538bf1c86cf9c60ed30b6f7da04a00ed052fe2f3"},
    {file = "grpcio-1.69.0-cp38-cp38-macosx_10_14_universal2.whl", hash = "sha256:8b94e83f66dbf6fd642415faca0608590bc5e8d30e2c012b31d7d1b91b1de2fd"},
    {file = "grpcio-1.69.0-cp38-cp38-manylinux_2_17_aarch64.whl", hash = "sha256:b634851b92c090763dde61df0868c730376cdb73a91bcc821af56ae043b09596"},
    {file = "grpcio-1.69.0-cp38-cp38-manylinux_2_17_i686.manylinux2014_i686.whl", hash = "sha256:bf5f680d3ed08c15330d7830d06bc65f58ca40c9999309517fd62880d70cb06e"},
    {file = "grpcio-1.69.0-cp38-cp38-manylinux_2_17_x86_64.manylinux2014_x86_64.whl", hash = "sha256:200e48a6e7b00f804cf00a1c26292a5baa96507c7749e70a3ec10ca1a288936e"},
    {file = "grpcio-1.69.0-cp38-cp38-musllinux_1_1_i686.whl", hash = "sha256:45a4704339b6e5b24b0e136dea9ad3815a94f30eb4f1e1d44c4ac484ef11d8dd"},
    {file = "grpcio-1.69.0-cp38-cp38-musllinux_1_1_x86_64.whl", hash = "sha256:85d347cb8237751b23539981dbd2d9d8f6e9ff90082b427b13022b948eb6347a"},
    {file = "grpcio-1.69.0-cp38-cp38-win32.whl", hash = "sha256:60e5de105dc02832dc8f120056306d0ef80932bcf1c0e2b4ca3b676de6dc6505"},
    {file = "grpcio-1.69.0-cp38-cp38-win_amd64.whl", hash = "sha256:282f47d0928e40f25d007f24eb8fa051cb22551e3c74b8248bc9f9bea9c35fe0"},
    {file = "grpcio-1.69.0-cp39-cp39-linux_armv7l.whl", hash = "sha256:dd034d68a2905464c49479b0c209c773737a4245d616234c79c975c7c90eca03"},
    {file = "grpcio-1.69.0-cp39-cp39-macosx_10_14_universal2.whl", hash = "sha256:01f834732c22a130bdf3dc154d1053bdbc887eb3ccb7f3e6285cfbfc33d9d5cc"},
    {file = "grpcio-1.69.0-cp39-cp39-manylinux_2_17_aarch64.whl", hash = "sha256:a7f4ed0dcf202a70fe661329f8874bc3775c14bb3911d020d07c82c766ce0eb1"},
    {file = "grpcio-1.69.0-cp39-cp39-manylinux_2_17_i686.manylinux2014_i686.whl", hash = "sha256:cd7ea241b10bc5f0bb0f82c0d7896822b7ed122b3ab35c9851b440c1ccf81588"},
    {file = "grpcio-1.69.0-cp39-cp39-manylinux_2_17_x86_64.manylinux2014_x86_64.whl", hash = "sha256:1f03dc9b4da4c0dc8a1db7a5420f575251d7319b7a839004d8916257ddbe4816"},
    {file = "grpcio-1.69.0-cp39-cp39-musllinux_1_1_i686.whl", hash = "sha256:ca71d73a270dff052fe4edf74fef142d6ddd1f84175d9ac4a14b7280572ac519"},
    {file = "grpcio-1.69.0-cp39-cp39-musllinux_1_1_x86_64.whl", hash = "sha256:5ccbed100dc43704e94ccff9e07680b540d64e4cc89213ab2832b51b4f68a520"},
    {file = "grpcio-1.69.0-cp39-cp39-win32.whl", hash = "sha256:1514341def9c6ec4b7f0b9628be95f620f9d4b99331b7ef0a1845fd33d9b579c"},
    {file = "grpcio-1.69.0-cp39-cp39-win_amd64.whl", hash = "sha256:c1fea55d26d647346acb0069b08dca70984101f2dc95066e003019207212e303"},
    {file = "grpcio-1.69.0.tar.gz", hash = "sha256:936fa44241b5379c5afc344e1260d467bee495747eaf478de825bab2791da6f5"},
]

[package.extras]
protobuf = ["grpcio-tools (>=1.69.0)"]

[[package]]
name = "packaging"
version = "24.2"
description = "Core utilities for Python packages"
optional = false
python-versions = ">=3.8"
groups = ["main"]
files = [
    {file = "packaging-24.2-py3-none-any.whl", hash = "sha256:09abb1bccd265c01f4a3aa3f7a7db064b36514d2cba19a2f694fe6150451a759"},
    {file = "packaging-24.2.tar.gz", hash = "sha256:c228a6dc5e932d346bc5739379109d49e8853dd8223571c7c5b55260edc0b97f"},
]

[[package]]
name = "protobuf"
version = "4.25.5"
description = ""
optional = false
python-versions = ">=3.8"
groups = ["main"]
files = [
    {file = "protobuf-4.25.5-cp310-abi3-win32.whl", hash = "sha256:5e61fd921603f58d2f5acb2806a929b4675f8874ff5f330b7d6f7e2e784bbcd8"},
    {file = "protobuf-4.25.5-cp310-abi3-win_amd64.whl", hash = "sha256:4be0571adcbe712b282a330c6e89eae24281344429ae95c6d85e79e84780f5ea"},
    {file = "protobuf-4.25.5-cp37-abi3-macosx_10_9_universal2.whl", hash = "sha256:b2fde3d805354df675ea4c7c6338c1aecd254dfc9925e88c6d31a2bcb97eb173"},
    {file = "protobuf-4.25.5-cp37-abi3-manylinux2014_aarch64.whl", hash = "sha256:919ad92d9b0310070f8356c24b855c98df2b8bd207ebc1c0c6fcc9ab1e007f3d"},
    {file = "protobuf-4.25.5-cp37-abi3-manylinux2014_x86_64.whl", hash = "sha256:fe14e16c22be926d3abfcb500e60cab068baf10b542b8c858fa27e098123e331"},
    {file = "protobuf-4.25.5-cp38-cp38-win32.whl", hash = "sha256:98d8d8aa50de6a2747efd9cceba361c9034050ecce3e09136f90de37ddba66e1"},
    {file = "protobuf-4.25.5-cp38-cp38-win_amd64.whl", hash = "sha256:b0234dd5a03049e4ddd94b93400b67803c823cfc405689688f59b34e0742381a"},
    {file = "protobuf-4.25.5-cp39-cp39-win32.whl", hash = "sha256:abe32aad8561aa7cc94fc7ba4fdef646e576983edb94a73381b03c53728a626f"},
    {file = "protobuf-4.25.5-cp39-cp39-win_amd64.whl", hash = "sha256:7a183f592dc80aa7c8da7ad9e55091c4ffc9497b3054452d629bb85fa27c2a45"},
    {file = "protobuf-4.25.5-py3-none-any.whl", hash = "sha256:0aebecb809cae990f8129ada5ca273d9d670b76d9bfc9b1809f0a9c02b7dbf41"},
    {file = "protobuf-4.25.5.tar.gz", hash = "sha256:7f8249476b4a9473645db7f8ab42b02fe1488cbe5fb72fddd445e0665afd8584"},
]

[[package]]
name = "python-dateutil"
version = "2.9.0.post0"
description = "Extensions to the standard Python datetime module"
optional = false
python-versions = "!=3.0.*,!=3.1.*,!=3.2.*,>=2.7"
groups = ["main"]
files = [
    {file = "python-dateutil-2.9.0.post0.tar.gz", hash = "sha256:37dd54208da7e1cd875388217d5e00ebd4179249f90fb72437e91a35459a0ad3"},
    {file = "python_dateutil-2.9.0.post0-py2.py3-none-any.whl", hash = "sha256:a8b2bc7bffae282281c8140a97d3aa9c14da0b136dfe83f850eea9a5f7470427"},
]

[package.dependencies]
six = ">=1.5"

[[package]]
name = "python-dotenv"
version = "1.0.1"
description = "Read key-value pairs from a .env file and set them as environment variables"
optional = false
python-versions = ">=3.8"
groups = ["main"]
files = [
    {file = "python-dotenv-1.0.1.tar.gz", hash = "sha256:e324ee90a023d808f1959c46bcbc04446a10ced277783dc6ee09987c37ec10ca"},
    {file = "python_dotenv-1.0.1-py3-none-any.whl", hash = "sha256:f7b63ef50f1b690dddf550d03497b66d609393b40b564ed0d674909a68ebf16a"},
]

[package.extras]
cli = ["click (>=5.0)"]

[[package]]
name = "six"
version = "1.17.0"
description = "Python 2 and 3 compatibility utilities"
optional = false
python-versions = "!=3.0.*,!=3.1.*,!=3.2.*,>=2.7"
groups = ["main"]
files = [
    {file = "six-1.17.0-py2.py3-none-any.whl", hash = "sha256:4721f391ed90541fddacab5acf947aa0d3dc7d27b2e1e8eda2be8970586c3274"},
    {file = "six-1.17.0.tar.gz", hash = "sha256:ff70335d468e7eb6ec65b95b99d3a2836546063f63acc5171de367e834932a81"},
]

[[package]]
name = "tinkoff"
version = "0.1.1"
description = ""
optional = false
python-versions = ">=3.6,<4.0"
groups = ["main"]
files = [
    {file = "tinkoff-0.1.1-py3-none-any.whl", hash = "sha256:971ec61e7a00c44deab5a959df93207dc7ff7b499ba335ead05ed9f974418ec1"},
    {file = "tinkoff-0.1.1.tar.gz", hash = "sha256:c947cb253f16cc3bf17c74b69c4236695850e42deffa69e5a3bb4089d2e3cdc7"},
]

[[package]]
name = "tinkoff-investments"
version = "0.2.0b109"
description = "Tinkoff Python SDK"
optional = false
python-versions = "<4.0.0,>=3.8.1"
groups = ["main"]
files = [
    {file = "tinkoff_investments-0.2.0b109-py3-none-any.whl", hash = "sha256:b4aa3c52c4968be75540240f7c0fcf1865bb85e18459f75e0843ef54eaa62424"},
    {file = "tinkoff_investments-0.2.0b109.tar.gz", hash = "sha256:cde2f9333c823e2dd89158f3caf2f7589e446b10c0a7b76f173fb4d77827a61f"},
]

[package.dependencies]
cachetools = ">=5.2.0,<6.0.0"
deprecation = ">=2.1.0,<3.0.0"
grpcio = ">=1.59.3,<2.0.0"
protobuf = ">=4.25.1,<5.0.0"
python-dateutil = ">=2.8.2,<3.0.0"
tinkoff = ">=0.1.1,<0.2.0"

[package.extras]
all = ["matplotlib (>=3.5.1,<4.0.0)", "mplfinance (>=0.12.8-beta.9,<0.13.0)", "numpy (>=1.22.2,<2.0.0)", "pandas (>=1.4.0)"]

[metadata]
lock-version = "2.1"
python-versions = ">=3.8.1,<4.0.0"
content-hash = "a07c016b088ec0f8dc171be7330639625f1653a3f45ae3668b93a24781661d13"
